
Microsoft Visual Studio Solution File, Format Version 12.00
# Visual Studio Version 17
VisualStudioVersion = 17.4.33213.308
MinimumVisualStudioVersion = 10.0.40219.1
Project("{FAE04EC0-301F-11D3-BF4B-00C04F79EFBC}") = "IIS_CD_Webhook", "IIS_CD_Webhook\IIS_CD_Webhook.csproj", "{1920E56C-D85C-47FB-B901-91E83756890B}"
EndProject
Global
	GlobalSection(SolutionConfigurationPlatforms) = preSolution
		Debug|Any CPU = Debug|Any CPU
		Release|Any CPU = Release|Any CPU
	EndGlobalSection
	GlobalSection(ProjectConfigurationPlatforms) = postSolution
		{1920E56C-D85C-47FB-B901-91E83756890B}.Debug|Any CPU.ActiveCfg = Debug|Any CPU
		{1920E56C-D85C-47FB-B901-91E83756890B}.Debug|Any CPU.Build.0 = Debug|Any CPU
		{1920E56C-D85C-47FB-B901-91E83756890B}.Release|Any CPU.ActiveCfg = Release|Any CPU
		{1920E56C-D85C-47FB-B901-91E83756890B}.Release|Any CPU.Build.0 = Release|Any CPU
	EndGlobalSection
	GlobalSection(SolutionProperties) = preSolution
		HideSolutionNode = FALSE
	EndGlobalSection
	GlobalSection(ExtensibilityGlobals) = postSolution
		SolutionGuid = {FC70D945-E690-4AB0-8350-05326165B1A1}
	EndGlobalSection
EndGlobal
